
Microsoft Visual Studio Solution File, Format Version 12.00
# Visual Studio Version 18
VisualStudioVersion = 18.2.11415.280 d18.0
MinimumVisualStudioVersion = 10.0.40219.1
Project("{FAE04EC0-301F-11D3-BF4B-00C04F79EFBC}") = "Lab Exercise1 -- LastHope", "Lab Exercise1 -- LastHope.csproj", "{834A66DC-C017-5BCB-D0B0-7A37F8301E43}"
EndProject
Global
	GlobalSection(SolutionConfigurationPlatforms) = preSolution
		Debug|Any CPU = Debug|Any CPU
		Release|Any CPU = Release|Any CPU
	EndGlobalSection
	GlobalSection(ProjectConfigurationPlatforms) = postSolution
		{834A66DC-C017-5BCB-D0B0-7A37F8301E43}.Debug|Any CPU.ActiveCfg = Debug|Any CPU
		{834A66DC-C017-5BCB-D0B0-7A37F8301E43}.Debug|Any CPU.Build.0 = Debug|Any CPU
		{834A66DC-C017-5BCB-D0B0-7A37F8301E43}.Release|Any CPU.ActiveCfg = Release|Any CPU
		{834A66DC-C017-5BCB-D0B0-7A37F8301E43}.Release|Any CPU.Build.0 = Release|Any CPU
	EndGlobalSection
	GlobalSection(SolutionProperties) = preSolution
		HideSolutionNode = FALSE
	EndGlobalSection
	GlobalSection(ExtensibilityGlobals) = postSolution
		SolutionGuid = {91E28C3A-4873-4622-9EF4-165D167A86FC}
	EndGlobalSection
EndGlobal
